{
  "name": "frontend",
  "lockfileVersion": 3,
  "requires": true,
  "packages": {
    "": {
      "dependencies": {
        "site": "file:.."
      }
    },
    "..": {
      "name": "site",
      "version": "1.0.0",
      "devDependencies": {
        "concurrently": "^9.1.2",
        "react-scripts": "^5.0.1"
      }
    },
    "node_modules/site": {
      "resolved": "..",
      "link": true
    }
  }
}
